// !$*UTF8*$!
{
	archiveVersion = 1;
	classes = {
	};
	objectVersion = 46;
	objects = {

/* Begin PBXBuildFile section */
		74703D3686C259B550B4CA34 /* libPods.a in Frameworks */ = {isa = PBXBuildFile; fileRef = 0D9B935C58AA38056A1627F1 /* libPods.a */; };
		7A01EE8D1C3E0565004AF20E /* grayLine@2x.png in Resources */ = {isa = PBXBuildFile; fileRef = 7A01EE8C1C3E0565004AF20E /* grayLine@2x.png */; };
		7A01EE8F1C3E073B004AF20E /* ac_location_normal@2x.png in Resources */ = {isa = PBXBuildFile; fileRef = 7A01EE8E1C3E073B004AF20E /* ac_location_normal@2x.png */; };
		7A01EE911C3E0741004AF20E /* phone@2x.png in Resources */ = {isa = PBXBuildFile; fileRef = 7A01EE901C3E0741004AF20E /* phone@2x.png */; };
		7A01EE931C3E096A004AF20E /* list_make_out@2x.png in Resources */ = {isa = PBXBuildFile; fileRef = 7A01EE921C3E096A004AF20E /* list_make_out@2x.png */; };
		7A01EE951C3E0B61004AF20E /* ac_details_img@2x.png in Resources */ = {isa = PBXBuildFile; fileRef = 7A01EE941C3E0B61004AF20E /* ac_details_img@2x.png */; };
		7A01EE981C3E10F0004AF20E /* ActivityDetailView.m in Sources */ = {isa = PBXBuildFile; fileRef = 7A01EE971C3E10F0004AF20E /* ActivityDetailView.m */; };
		7A01EE9A1C3E1C21004AF20E /* File in Resources */ = {isa = PBXBuildFile; fileRef = 7A01EE991C3E1C21004AF20E /* File */; };
		7A01EEA31C3E6210004AF20E /* back@2x.png in Resources */ = {isa = PBXBuildFile; fileRef = 7A01EEA21C3E6210004AF20E /* back@2x.png */; };
		7A1148A61C3F9DC700866947 /* blueArrow.png in Resources */ = {isa = PBXBuildFile; fileRef = 7A1148A21C3F9DC700866947 /* blueArrow.png */; };
		7A1148A71C3F9DC700866947 /* blueArrowDown.png in Resources */ = {isa = PBXBuildFile; fileRef = 7A1148A31C3F9DC700866947 /* blueArrowDown.png */; };
		7A1148A81C3F9DC700866947 /* PullingRefreshTableView.m in Sources */ = {isa = PBXBuildFile; fileRef = 7A1148A51C3F9DC700866947 /* PullingRefreshTableView.m */; settings = {COMPILER_FLAGS = "-fno-objc-arc"; }; };
		7A1148AC1C3FA3BD00866947 /* GoodActivityTableViewCell.m in Sources */ = {isa = PBXBuildFile; fileRef = 7A1148AA1C3FA3BD00866947 /* GoodActivityTableViewCell.m */; };
		7A1148AD1C3FA3BD00866947 /* GoodActivityTableViewCell.xib in Resources */ = {isa = PBXBuildFile; fileRef = 7A1148AB1C3FA3BD00866947 /* GoodActivityTableViewCell.xib */; };
		7A308B761C449F64004CAD8E /* ProgressHUD.bundle in Resources */ = {isa = PBXBuildFile; fileRef = 7A308B731C449F64004CAD8E /* ProgressHUD.bundle */; };
		7A308B771C449F64004CAD8E /* ProgressHUD.m in Sources */ = {isa = PBXBuildFile; fileRef = 7A308B751C449F64004CAD8E /* ProgressHUD.m */; };
		7A45A9DC1C450CB100B4D76F /* HWTool.m in Sources */ = {isa = PBXBuildFile; fileRef = 7A45A9D61C450CB100B4D76F /* HWTool.m */; };
		7A45A9DD1C450CB100B4D76F /* UIView+Extenstin.m in Sources */ = {isa = PBXBuildFile; fileRef = 7A45A9D91C450CB100B4D76F /* UIView+Extenstin.m */; };
		7A45A9DE1C450CB100B4D76F /* UIViewController+Common.m in Sources */ = {isa = PBXBuildFile; fileRef = 7A45A9DB1C450CB100B4D76F /* UIViewController+Common.m */; };
		7A45A9E01C4511EF00B4D76F /* Discover.plist in Resources */ = {isa = PBXBuildFile; fileRef = 7A45A9DF1C4511EF00B4D76F /* Discover.plist */; };
		7A45A9E31C4512D300B4D76F /* DiscoverModel.m in Sources */ = {isa = PBXBuildFile; fileRef = 7A45A9E21C4512D300B4D76F /* DiscoverModel.m */; };
		7A5C1AA81C43A82100E46442 /* typeud21.plist in Resources */ = {isa = PBXBuildFile; fileRef = 7A5C1AA71C43A82100E46442 /* typeud21.plist */; };
		7A5C1AAA1C43A82600E46442 /* typeid6.plist in Resources */ = {isa = PBXBuildFile; fileRef = 7A5C1AA91C43A82600E46442 /* typeid6.plist */; };
		7A5C1AAC1C43A82C00E46442 /* typeid22.plist in Resources */ = {isa = PBXBuildFile; fileRef = 7A5C1AAB1C43A82C00E46442 /* typeid22.plist */; };
		7A5C1AAE1C43A83000E46442 /* typeid23.plist in Resources */ = {isa = PBXBuildFile; fileRef = 7A5C1AAD1C43A83000E46442 /* typeid23.plist */; };
		7A83BA051C3A3AFB00A168D4 /* main.m in Sources */ = {isa = PBXBuildFile; fileRef = 7A83BA041C3A3AFB00A168D4 /* main.m */; };
		7A83BA081C3A3AFB00A168D4 /* AppDelegate.m in Sources */ = {isa = PBXBuildFile; fileRef = 7A83BA071C3A3AFB00A168D4 /* AppDelegate.m */; };
		7A83BA0A1C3A3AFB00A168D4 /* Assets.xcassets in Resources */ = {isa = PBXBuildFile; fileRef = 7A83BA091C3A3AFB00A168D4 /* Assets.xcassets */; };
		7A83BA0D1C3A3AFB00A168D4 /* LaunchScreen.storyboard in Resources */ = {isa = PBXBuildFile; fileRef = 7A83BA0B1C3A3AFB00A168D4 /* LaunchScreen.storyboard */; };
		7A8D315E1C3FBB42002373F3 /* 001@2x.jpg in Resources */ = {isa = PBXBuildFile; fileRef = 7A8D315D1C3FBB42002373F3 /* 001@2x.jpg */; };
		7A8D31631C3FBE49002373F3 /* GoodActivityModel.m in Sources */ = {isa = PBXBuildFile; fileRef = 7A8D31621C3FBE49002373F3 /* GoodActivityModel.m */; };
		7A8D31651C3FC213002373F3 /* good.plist in Resources */ = {isa = PBXBuildFile; fileRef = 7A8D31641C3FC213002373F3 /* good.plist */; };
		7A8D31671C3FE4CA002373F3 /* File01 in Resources */ = {isa = PBXBuildFile; fileRef = 7A8D31661C3FE4CA002373F3 /* File01 */; };
		7A8D316A1C3FF0FE002373F3 /* GoodViewController.m in Sources */ = {isa = PBXBuildFile; fileRef = 7A8D31691C3FF0FE002373F3 /* GoodViewController.m */; };
		7A9C15F51C42347100F0478A /* HotActivityTableViewCell.m in Sources */ = {isa = PBXBuildFile; fileRef = 7A9C15F31C42347100F0478A /* HotActivityTableViewCell.m */; };
		7A9C15F61C42347100F0478A /* HotActivityTableViewCell.xib in Resources */ = {isa = PBXBuildFile; fileRef = 7A9C15F41C42347100F0478A /* HotActivityTableViewCell.xib */; };
		7A9C15F81C4234D300F0478A /* HotActivity.plist in Resources */ = {isa = PBXBuildFile; fileRef = 7A9C15F71C4234D300F0478A /* HotActivity.plist */; };
		7A9C15FB1C4239A800F0478A /* HotActivityModel.m in Sources */ = {isa = PBXBuildFile; fileRef = 7A9C15FA1C4239A800F0478A /* HotActivityModel.m */; };
		7AA92CF31C3F580100FDC38A /* MainList.plist in Resources */ = {isa = PBXBuildFile; fileRef = 7AA92CF21C3F580100FDC38A /* MainList.plist */; };
		7AA92CF51C3F5D4200FDC38A /* ActivityTheme.plist in Resources */ = {isa = PBXBuildFile; fileRef = 7AA92CF41C3F5D4200FDC38A /* ActivityTheme.plist */; };
		7AA92CF81C3F5EC000FDC38A /* ActivityThemeView.m in Sources */ = {isa = PBXBuildFile; fileRef = 7AA92CF71C3F5EC000FDC38A /* ActivityThemeView.m */; };
		7AA9F50E1C3B9D21004A59FA /* AVFoundation.framework in Frameworks */ = {isa = PBXBuildFile; fileRef = 7AA9F50D1C3B9D21004A59FA /* AVFoundation.framework */; };
		7AA9F5131C3BA073004A59FA /* MainModel.m in Sources */ = {isa = PBXBuildFile; fileRef = 7AA9F5121C3BA073004A59FA /* MainModel.m */; };
		7AA9F5151C3BA477004A59FA /* Property List.plist in Resources */ = {isa = PBXBuildFile; fileRef = 7AA9F5141C3BA477004A59FA /* Property List.plist */; };
		7AA9F53F1C3BCEBF004A59FA /* home_00@2x.png in Resources */ = {isa = PBXBuildFile; fileRef = 7AA9F53A1C3BCEBF004A59FA /* home_00@2x.png */; };
		7AA9F5401C3BCEBF004A59FA /* home_icon_02@2x.png in Resources */ = {isa = PBXBuildFile; fileRef = 7AA9F53B1C3BCEBF004A59FA /* home_icon_02@2x.png */; };
		7AA9F5411C3BCEBF004A59FA /* home_icon_04@2x.png in Resources */ = {isa = PBXBuildFile; fileRef = 7AA9F53C1C3BCEBF004A59FA /* home_icon_04@2x.png */; };
		7AA9F5421C3BCEBF004A59FA /* home_icon_01@2x.png in Resources */ = {isa = PBXBuildFile; fileRef = 7AA9F53D1C3BCEBF004A59FA /* home_icon_01@2x.png */; };
		7AA9F5431C3BCEBF004A59FA /* home_icon_03@2x.png in Resources */ = {isa = PBXBuildFile; fileRef = 7AA9F53E1C3BCEBF004A59FA /* home_icon_03@2x.png */; };
		7AA9F5451C3BCEC6004A59FA /* home_zhuanti@2x.png in Resources */ = {isa = PBXBuildFile; fileRef = 7AA9F5441C3BCEC6004A59FA /* home_zhuanti@2x.png */; };
		7AA9F5471C3BD147004A59FA /* home_01@2x.png in Resources */ = {isa = PBXBuildFile; fileRef = 7AA9F5461C3BD147004A59FA /* home_01@2x.png */; };
		7AB4DCAC1C3CB7BE00DDC072 /* pos@2x.png in Resources */ = {isa = PBXBuildFile; fileRef = 7AB4DCAB1C3CB7BE00DDC072 /* pos@2x.png */; };
		7AB4DCAF1C3CBC1600DDC072 /* SelectCityViewController.m in Sources */ = {isa = PBXBuildFile; fileRef = 7AB4DCAE1C3CBC1600DDC072 /* SelectCityViewController.m */; };
		7AB4DCB21C3CBDA100DDC072 /* SreachViewController.m in Sources */ = {isa = PBXBuildFile; fileRef = 7AB4DCB11C3CBDA100DDC072 /* SreachViewController.m */; };
		7AB4DCB51C3CBE7A00DDC072 /* ActivityDetailViewController.m in Sources */ = {isa = PBXBuildFile; fileRef = 7AB4DCB41C3CBE7A00DDC072 /* ActivityDetailViewController.m */; };
		7AB4DCB81C3CBF4700DDC072 /* ThemeDetailViewController.m in Sources */ = {isa = PBXBuildFile; fileRef = 7AB4DCB71C3CBF4700DDC072 /* ThemeDetailViewController.m */; };
		7AB4DCBB1C3CBFF400DDC072 /* ClassifyViewController.m in Sources */ = {isa = PBXBuildFile; fileRef = 7AB4DCBA1C3CBFF400DDC072 /* ClassifyViewController.m */; };
		7AB4DCC11C3CC07F00DDC072 /* HotActivityViewController.m in Sources */ = {isa = PBXBuildFile; fileRef = 7AB4DCC01C3CC07F00DDC072 /* HotActivityViewController.m */; };
		7AB74AFE1C3A4E2700F27D26 /* DiscoverViewController.m in Sources */ = {isa = PBXBuildFile; fileRef = 7AB74AEF1C3A4E2700F27D26 /* DiscoverViewController.m */; };
		7AB74AFF1C3A4E2700F27D26 /* MainViewController.m in Sources */ = {isa = PBXBuildFile; fileRef = 7AB74AF51C3A4E2700F27D26 /* MainViewController.m */; };
		7AB74B001C3A4E2700F27D26 /* MineViewController.m in Sources */ = {isa = PBXBuildFile; fileRef = 7AB74AFB1C3A4E2700F27D26 /* MineViewController.m */; };
		7AB74B041C3A506300F27D26 /* Main.storyboard in Resources */ = {isa = PBXBuildFile; fileRef = 7AB74B031C3A506300F27D26 /* Main.storyboard */; };
		7AB74B061C3A507700F27D26 /* Discover.storyboard in Resources */ = {isa = PBXBuildFile; fileRef = 7AB74B051C3A507700F27D26 /* Discover.storyboard */; };
		7AB74B081C3A50D000F27D26 /* Mine.storyboard in Resources */ = {isa = PBXBuildFile; fileRef = 7AB74B071C3A50D000F27D26 /* Mine.storyboard */; };
		7AB74C7C1C3A66F400F27D26 /* ft_found_normal_ic@2x.png in Resources */ = {isa = PBXBuildFile; fileRef = 7AB74C701C3A66F400F27D26 /* ft_found_normal_ic@2x.png */; };
		7AB74C7D1C3A66F400F27D26 /* ft_found_normal_ic@3x.png in Resources */ = {isa = PBXBuildFile; fileRef = 7AB74C711C3A66F400F27D26 /* ft_found_normal_ic@3x.png */; };
		7AB74C7E1C3A66F400F27D26 /* ft_found_selected_ic@2x.png in Resources */ = {isa = PBXBuildFile; fileRef = 7AB74C721C3A66F400F27D26 /* ft_found_selected_ic@2x.png */; };
		7AB74C7F1C3A66F400F27D26 /* ft_found_selected_ic@3x.png in Resources */ = {isa = PBXBuildFile; fileRef = 7AB74C731C3A66F400F27D26 /* ft_found_selected_ic@3x.png */; };
		7AB74C801C3A66F400F27D26 /* ft_home_normal_ic@2x.png in Resources */ = {isa = PBXBuildFile; fileRef = 7AB74C741C3A66F400F27D26 /* ft_home_normal_ic@2x.png */; };
		7AB74C811C3A66F400F27D26 /* ft_home_normal_ic@3x.png in Resources */ = {isa = PBXBuildFile; fileRef = 7AB74C751C3A66F400F27D26 /* ft_home_normal_ic@3x.png */; };
		7AB74C821C3A66F400F27D26 /* ft_home_selected_ic@2x.png in Resources */ = {isa = PBXBuildFile; fileRef = 7AB74C761C3A66F400F27D26 /* ft_home_selected_ic@2x.png */; };
		7AB74C831C3A66F400F27D26 /* ft_home_selected_ic@3x.png in Resources */ = {isa = PBXBuildFile; fileRef = 7AB74C771C3A66F400F27D26 /* ft_home_selected_ic@3x.png */; };
		7AB74C841C3A66F400F27D26 /* ft_person_normal_ic@2x.png in Resources */ = {isa = PBXBuildFile; fileRef = 7AB74C781C3A66F400F27D26 /* ft_person_normal_ic@2x.png */; };
		7AB74C851C3A66F400F27D26 /* ft_person_normal_ic@3x.png in Resources */ = {isa = PBXBuildFile; fileRef = 7AB74C791C3A66F400F27D26 /* ft_person_normal_ic@3x.png */; };
		7AB74C861C3A66F400F27D26 /* ft_person_selected_ic@2x.png in Resources */ = {isa = PBXBuildFile; fileRef = 7AB74C7A1C3A66F400F27D26 /* ft_person_selected_ic@2x.png */; };
		7AB74C871C3A66F400F27D26 /* ft_person_selected_ic@3x.png in Resources */ = {isa = PBXBuildFile; fileRef = 7AB74C7B1C3A66F400F27D26 /* ft_person_selected_ic@3x.png */; };
		7AB74C8B1C3A766A00F27D26 /* MainTableViewCell.m in Sources */ = {isa = PBXBuildFile; fileRef = 7AB74C891C3A766A00F27D26 /* MainTableViewCell.m */; };
		7AB74C8C1C3A766A00F27D26 /* MainTableViewCell.xib in Resources */ = {isa = PBXBuildFile; fileRef = 7AB74C8A1C3A766A00F27D26 /* MainTableViewCell.xib */; };
		7AC277681C466AA200235610 /* WeiBoViewController.m in Sources */ = {isa = PBXBuildFile; fileRef = 7AC277671C466AA200235610 /* WeiBoViewController.m */; };
		7ACCC6A31C44FA73001E0BDB /* DiscoverTableViewCell.m in Sources */ = {isa = PBXBuildFile; fileRef = 7ACCC6A11C44FA73001E0BDB /* DiscoverTableViewCell.m */; };
		7ACCC6A41C44FA73001E0BDB /* DiscoverTableViewCell.xib in Resources */ = {isa = PBXBuildFile; fileRef = 7ACCC6A21C44FA73001E0BDB /* DiscoverTableViewCell.xib */; };
		7AD9792C1C43924C003585BD /* VOContentLayer.m in Sources */ = {isa = PBXBuildFile; fileRef = 7AD979251C43924C003585BD /* VOContentLayer.m */; };
		7AD9792D1C43924C003585BD /* VOIndicatorAnimation.m in Sources */ = {isa = PBXBuildFile; fileRef = 7AD979271C43924C003585BD /* VOIndicatorAnimation.m */; };
		7AD9792E1C43924C003585BD /* VOSegment.m in Sources */ = {isa = PBXBuildFile; fileRef = 7AD979291C43924C003585BD /* VOSegment.m */; };
		7AD9792F1C43924C003585BD /* VOSegmentedControl.m in Sources */ = {isa = PBXBuildFile; fileRef = 7AD9792B1C43924C003585BD /* VOSegmentedControl.m */; };
		7AE3F20C1C462C2F00906012 /* MessageUI.framework in Frameworks */ = {isa = PBXBuildFile; fileRef = 7AE3F20B1C462C2F00906012 /* MessageUI.framework */; };
		7AE3F21A1C464F5E00906012 /* libWeiboSDK.a in Frameworks */ = {isa = PBXBuildFile; fileRef = 7AE3F20E1C464F5E00906012 /* libWeiboSDK.a */; };
		7AE3F21B1C464F5E00906012 /* WeiboSDK.bundle in Resources */ = {isa = PBXBuildFile; fileRef = 7AE3F2171C464F5E00906012 /* WeiboSDK.bundle */; };
		7AE3F21D1C46501F00906012 /* QuartzCore.framework in Frameworks */ = {isa = PBXBuildFile; fileRef = 7AE3F21C1C46501F00906012 /* QuartzCore.framework */; };
		7AE3F21F1C46502E00906012 /* ImageIO.framework in Frameworks */ = {isa = PBXBuildFile; fileRef = 7AE3F21E1C46502E00906012 /* ImageIO.framework */; };
		7AE3F2211C46503E00906012 /* SystemConfiguration.framework in Frameworks */ = {isa = PBXBuildFile; fileRef = 7AE3F2201C46503E00906012 /* SystemConfiguration.framework */; };
		7AE3F2231C46504900906012 /* Security.framework in Frameworks */ = {isa = PBXBuildFile; fileRef = 7AE3F2221C46504900906012 /* Security.framework */; };
		7AE3F2251C46505200906012 /* CoreTelephony.framework in Frameworks */ = {isa = PBXBuildFile; fileRef = 7AE3F2241C46505200906012 /* CoreTelephony.framework */; };
		7AE3F2271C46505B00906012 /* CoreText.framework in Frameworks */ = {isa = PBXBuildFile; fileRef = 7AE3F2261C46505B00906012 /* CoreText.framework */; };
		7AE3F2291C46506400906012 /* UIKit.framework in Frameworks */ = {isa = PBXBuildFile; fileRef = 7AE3F2281C46506400906012 /* UIKit.framework */; };
		7AE3F22B1C46506D00906012 /* Foundation.framework in Frameworks */ = {isa = PBXBuildFile; fileRef = 7AE3F22A1C46506D00906012 /* Foundation.framework */; };
		7AE3F22D1C46507600906012 /* CoreGraphics.framework in Frameworks */ = {isa = PBXBuildFile; fileRef = 7AE3F22C1C46507600906012 /* CoreGraphics.framework */; };
		7AE3F22F1C46507D00906012 /* libz.tbd in Frameworks */ = {isa = PBXBuildFile; fileRef = 7AE3F22E1C46507D00906012 /* libz.tbd */; };
		7AE3F2311C46508700906012 /* libsqlite3.tbd in Frameworks */ = {isa = PBXBuildFile; fileRef = 7AE3F2301C46508700906012 /* libsqlite3.tbd */; };
/* End PBXBuildFile section */

/* Begin PBXFileReference section */
		0D9B935C58AA38056A1627F1 /* libPods.a */ = {isa = PBXFileReference; explicitFileType = archive.ar; includeInIndex = 0; path = libPods.a; sourceTree = BUILT_PRODUCTS_DIR; };
		535471C46C07F20EC1530AD6 /* Pods.debug.xcconfig */ = {isa = PBXFileReference; includeInIndex = 1; lastKnownFileType = text.xcconfig; name = Pods.debug.xcconfig; path = "Pods/Target Support Files/Pods/Pods.debug.xcconfig"; sourceTree = "<group>"; };
		7A01EE8C1C3E0565004AF20E /* grayLine@2x.png */ = {isa = PBXFileReference; lastKnownFileType = image.png; path = "grayLine@2x.png"; sourceTree = "<group>"; };
		7A01EE8E1C3E073B004AF20E /* ac_location_normal@2x.png */ = {isa = PBXFileReference; lastKnownFileType = image.png; path = "ac_location_normal@2x.png"; sourceTree = "<group>"; };
		7A01EE901C3E0741004AF20E /* phone@2x.png */ = {isa = PBXFileReference; lastKnownFileType = image.png; path = "phone@2x.png"; sourceTree = "<group>"; };
		7A01EE921C3E096A004AF20E /* list_make_out@2x.png */ = {isa = PBXFileReference; lastKnownFileType = image.png; name = "list_make_out@2x.png"; path = "../list_make_out@2x.png"; sourceTree = "<group>"; };
		7A01EE941C3E0B61004AF20E /* ac_details_img@2x.png */ = {isa = PBXFileReference; lastKnownFileType = image.png; path = "ac_details_img@2x.png"; sourceTree = "<group>"; };
		7A01EE961C3E10F0004AF20E /* ActivityDetailView.h */ = {isa = PBXFileReference; fileEncoding = 4; lastKnownFileType = sourcecode.c.h; path = ActivityDetailView.h; sourceTree = "<group>"; };
		7A01EE971C3E10F0004AF20E /* ActivityDetailView.m */ = {isa = PBXFileReference; fileEncoding = 4; lastKnownFileType = sourcecode.c.objc; path = ActivityDetailView.m; sourceTree = "<group>"; };
		7A01EE991C3E1C21004AF20E /* File */ = {isa = PBXFileReference; fileEncoding = 4; lastKnownFileType = text; path = File; sourceTree = "<group>"; };
		7A01EEA21C3E6210004AF20E /* back@2x.png */ = {isa = PBXFileReference; lastKnownFileType = image.png; path = "back@2x.png"; sourceTree = "<group>"; };
		7A1148A21C3F9DC700866947 /* blueArrow.png */ = {isa = PBXFileReference; lastKnownFileType = image.png; path = blueArrow.png; sourceTree = "<group>"; };
		7A1148A31C3F9DC700866947 /* blueArrowDown.png */ = {isa = PBXFileReference; lastKnownFileType = image.png; path = blueArrowDown.png; sourceTree = "<group>"; };
		7A1148A41C3F9DC700866947 /* PullingRefreshTableView.h */ = {isa = PBXFileReference; fileEncoding = 4; lastKnownFileType = sourcecode.c.h; path = PullingRefreshTableView.h; sourceTree = "<group>"; };
		7A1148A51C3F9DC700866947 /* PullingRefreshTableView.m */ = {isa = PBXFileReference; fileEncoding = 4; lastKnownFileType = sourcecode.c.objc; path = PullingRefreshTableView.m; sourceTree = "<group>"; };
		7A1148A91C3FA3BD00866947 /* GoodActivityTableViewCell.h */ = {isa = PBXFileReference; fileEncoding = 4; lastKnownFileType = sourcecode.c.h; path = GoodActivityTableViewCell.h; sourceTree = "<group>"; };
		7A1148AA1C3FA3BD00866947 /* GoodActivityTableViewCell.m */ = {isa = PBXFileReference; fileEncoding = 4; lastKnownFileType = sourcecode.c.objc; path = GoodActivityTableViewCell.m; sourceTree = "<group>"; };
		7A1148AB1C3FA3BD00866947 /* GoodActivityTableViewCell.xib */ = {isa = PBXFileReference; fileEncoding = 4; lastKnownFileType = file.xib; path = GoodActivityTableViewCell.xib; sourceTree = "<group>"; };
		7A308B731C449F64004CAD8E /* ProgressHUD.bundle */ = {isa = PBXFileReference; lastKnownFileType = "wrapper.plug-in"; path = ProgressHUD.bundle; sourceTree = "<group>"; };
		7A308B741C449F64004CAD8E /* ProgressHUD.h */ = {isa = PBXFileReference; fileEncoding = 4; lastKnownFileType = sourcecode.c.h; path = ProgressHUD.h; sourceTree = "<group>"; };
		7A308B751C449F64004CAD8E /* ProgressHUD.m */ = {isa = PBXFileReference; fileEncoding = 4; lastKnownFileType = sourcecode.c.objc; path = ProgressHUD.m; sourceTree = "<group>"; };
		7A45A9D41C450CB100B4D76F /* HWDefine.h */ = {isa = PBXFileReference; fileEncoding = 4; lastKnownFileType = sourcecode.c.h; path = HWDefine.h; sourceTree = "<group>"; };
		7A45A9D51C450CB100B4D76F /* HWTool.h */ = {isa = PBXFileReference; fileEncoding = 4; lastKnownFileType = sourcecode.c.h; path = HWTool.h; sourceTree = "<group>"; };
		7A45A9D61C450CB100B4D76F /* HWTool.m */ = {isa = PBXFileReference; fileEncoding = 4; lastKnownFileType = sourcecode.c.objc; path = HWTool.m; sourceTree = "<group>"; };
		7A45A9D71C450CB100B4D76F /* PrefixHeader.pch */ = {isa = PBXFileReference; fileEncoding = 4; lastKnownFileType = sourcecode.c.h; path = PrefixHeader.pch; sourceTree = "<group>"; };
		7A45A9D81C450CB100B4D76F /* UIView+Extenstin.h */ = {isa = PBXFileReference; fileEncoding = 4; lastKnownFileType = sourcecode.c.h; path = "UIView+Extenstin.h"; sourceTree = "<group>"; };
		7A45A9D91C450CB100B4D76F /* UIView+Extenstin.m */ = {isa = PBXFileReference; fileEncoding = 4; lastKnownFileType = sourcecode.c.objc; path = "UIView+Extenstin.m"; sourceTree = "<group>"; };
		7A45A9DA1C450CB100B4D76F /* UIViewController+Common.h */ = {isa = PBXFileReference; fileEncoding = 4; lastKnownFileType = sourcecode.c.h; path = "UIViewController+Common.h"; sourceTree = "<group>"; };
		7A45A9DB1C450CB100B4D76F /* UIViewController+Common.m */ = {isa = PBXFileReference; fileEncoding = 4; lastKnownFileType = sourcecode.c.objc; path = "UIViewController+Common.m"; sourceTree = "<group>"; };
		7A45A9DF1C4511EF00B4D76F /* Discover.plist */ = {isa = PBXFileReference; fileEncoding = 4; lastKnownFileType = text.plist.xml; path = Discover.plist; sourceTree = "<group>"; };
		7A45A9E11C4512D300B4D76F /* DiscoverModel.h */ = {isa = PBXFileReference; fileEncoding = 4; lastKnownFileType = sourcecode.c.h; path = DiscoverModel.h; sourceTree = "<group>"; };
		7A45A9E21C4512D300B4D76F /* DiscoverModel.m */ = {isa = PBXFileReference; fileEncoding = 4; lastKnownFileType = sourcecode.c.objc; path = DiscoverModel.m; sourceTree = "<group>"; };
		7A5C1AA71C43A82100E46442 /* typeud21.plist */ = {isa = PBXFileReference; lastKnownFileType = text.plist; path = typeud21.plist; sourceTree = "<group>"; };
		7A5C1AA91C43A82600E46442 /* typeid6.plist */ = {isa = PBXFileReference; lastKnownFileType = text.plist; path = typeid6.plist; sourceTree = "<group>"; };
		7A5C1AAB1C43A82C00E46442 /* typeid22.plist */ = {isa = PBXFileReference; lastKnownFileType = text.plist; path = typeid22.plist; sourceTree = "<group>"; };
		7A5C1AAD1C43A83000E46442 /* typeid23.plist */ = {isa = PBXFileReference; lastKnownFileType = text.plist; path = typeid23.plist; sourceTree = "<group>"; };
		7A83BA001C3A3AFB00A168D4 /* Pandas.app */ = {isa = PBXFileReference; explicitFileType = wrapper.application; includeInIndex = 0; path = Pandas.app; sourceTree = BUILT_PRODUCTS_DIR; };
		7A83BA041C3A3AFB00A168D4 /* main.m */ = {isa = PBXFileReference; lastKnownFileType = sourcecode.c.objc; path = main.m; sourceTree = "<group>"; };
		7A83BA061C3A3AFB00A168D4 /* AppDelegate.h */ = {isa = PBXFileReference; lastKnownFileType = sourcecode.c.h; path = AppDelegate.h; sourceTree = "<group>"; };
		7A83BA071C3A3AFB00A168D4 /* AppDelegate.m */ = {isa = PBXFileReference; lastKnownFileType = sourcecode.c.objc; path = AppDelegate.m; sourceTree = "<group>"; };
		7A83BA091C3A3AFB00A168D4 /* Assets.xcassets */ = {isa = PBXFileReference; lastKnownFileType = folder.assetcatalog; path = Assets.xcassets; sourceTree = "<group>"; };
		7A83BA0C1C3A3AFB00A168D4 /* Base */ = {isa = PBXFileReference; lastKnownFileType = file.storyboard; name = Base; path = Base.lproj/LaunchScreen.storyboard; sourceTree = "<group>"; };
		7A83BA0E1C3A3AFB00A168D4 /* Info.plist */ = {isa = PBXFileReference; lastKnownFileType = text.plist.xml; path = Info.plist; sourceTree = "<group>"; };
		7A8D315D1C3FBB42002373F3 /* 001@2x.jpg */ = {isa = PBXFileReference; lastKnownFileType = image.jpeg; path = "001@2x.jpg"; sourceTree = "<group>"; };
		7A8D31611C3FBE49002373F3 /* GoodActivityModel.h */ = {isa = PBXFileReference; fileEncoding = 4; lastKnownFileType = sourcecode.c.h; path = GoodActivityModel.h; sourceTree = "<group>"; };
		7A8D31621C3FBE49002373F3 /* GoodActivityModel.m */ = {isa = PBXFileReference; fileEncoding = 4; lastKnownFileType = sourcecode.c.objc; path = GoodActivityModel.m; sourceTree = "<group>"; };
		7A8D31641C3FC213002373F3 /* good.plist */ = {isa = PBXFileReference; lastKnownFileType = text.plist; path = good.plist; sourceTree = "<group>"; };
		7A8D31661C3FE4CA002373F3 /* File01 */ = {isa = PBXFileReference; fileEncoding = 4; lastKnownFileType = text; path = File01; sourceTree = "<group>"; };
		7A8D31681C3FF0FE002373F3 /* GoodViewController.h */ = {isa = PBXFileReference; fileEncoding = 4; lastKnownFileType = sourcecode.c.h; path = GoodViewController.h; sourceTree = "<group>"; };
		7A8D31691C3FF0FE002373F3 /* GoodViewController.m */ = {isa = PBXFileReference; fileEncoding = 4; lastKnownFileType = sourcecode.c.objc; path = GoodViewController.m; sourceTree = "<group>"; };
		7A9C15F21C42347100F0478A /* HotActivityTableViewCell.h */ = {isa = PBXFileReference; fileEncoding = 4; lastKnownFileType = sourcecode.c.h; path = HotActivityTableViewCell.h; sourceTree = "<group>"; };
		7A9C15F31C42347100F0478A /* HotActivityTableViewCell.m */ = {isa = PBXFileReference; fileEncoding = 4; lastKnownFileType = sourcecode.c.objc; path = HotActivityTableViewCell.m; sourceTree = "<group>"; };
		7A9C15F41C42347100F0478A /* HotActivityTableViewCell.xib */ = {isa = PBXFileReference; fileEncoding = 4; lastKnownFileType = file.xib; path = HotActivityTableViewCell.xib; sourceTree = "<group>"; };
		7A9C15F71C4234D300F0478A /* HotActivity.plist */ = {isa = PBXFileReference; fileEncoding = 4; lastKnownFileType = text.plist.xml; path = HotActivity.plist; sourceTree = "<group>"; };
		7A9C15F91C4239A800F0478A /* HotActivityModel.h */ = {isa = PBXFileReference; fileEncoding = 4; lastKnownFileType = sourcecode.c.h; path = HotActivityModel.h; sourceTree = "<group>"; };
		7A9C15FA1C4239A800F0478A /* HotActivityModel.m */ = {isa = PBXFileReference; fileEncoding = 4; lastKnownFileType = sourcecode.c.objc; path = HotActivityModel.m; sourceTree = "<group>"; };
		7AA92CF21C3F580100FDC38A /* MainList.plist */ = {isa = PBXFileReference; fileEncoding = 4; lastKnownFileType = text.plist.xml; path = MainList.plist; sourceTree = "<group>"; };
		7AA92CF41C3F5D4200FDC38A /* ActivityTheme.plist */ = {isa = PBXFileReference; fileEncoding = 4; lastKnownFileType = text.plist.xml; name = ActivityTheme.plist; path = ../Controllers/ActivityTheme.plist; sourceTree = "<group>"; };
		7AA92CF61C3F5EC000FDC38A /* ActivityThemeView.h */ = {isa = PBXFileReference; fileEncoding = 4; lastKnownFileType = sourcecode.c.h; path = ActivityThemeView.h; sourceTree = "<group>"; };
		7AA92CF71C3F5EC000FDC38A /* ActivityThemeView.m */ = {isa = PBXFileReference; fileEncoding = 4; lastKnownFileType = sourcecode.c.objc; path = ActivityThemeView.m; sourceTree = "<group>"; };
		7AA9F50D1C3B9D21004A59FA /* AVFoundation.framework */ = {isa = PBXFileReference; lastKnownFileType = wrapper.framework; name = AVFoundation.framework; path = System/Library/Frameworks/AVFoundation.framework; sourceTree = SDKROOT; };
		7AA9F5111C3BA073004A59FA /* MainModel.h */ = {isa = PBXFileReference; fileEncoding = 4; lastKnownFileType = sourcecode.c.h; path = MainModel.h; sourceTree = "<group>"; };
		7AA9F5121C3BA073004A59FA /* MainModel.m */ = {isa = PBXFileReference; fileEncoding = 4; lastKnownFileType = sourcecode.c.objc; path = MainModel.m; sourceTree = "<group>"; };
		7AA9F5141C3BA477004A59FA /* Property List.plist */ = {isa = PBXFileReference; fileEncoding = 4; lastKnownFileType = text.plist.xml; path = "Property List.plist"; sourceTree = "<group>"; };
		7AA9F53A1C3BCEBF004A59FA /* home_00@2x.png */ = {isa = PBXFileReference; lastKnownFileType = image.png; path = "home_00@2x.png"; sourceTree = "<group>"; };
		7AA9F53B1C3BCEBF004A59FA /* home_icon_02@2x.png */ = {isa = PBXFileReference; lastKnownFileType = image.png; path = "home_icon_02@2x.png"; sourceTree = "<group>"; };
		7AA9F53C1C3BCEBF004A59FA /* home_icon_04@2x.png */ = {isa = PBXFileReference; lastKnownFileType = image.png; path = "home_icon_04@2x.png"; sourceTree = "<group>"; };
		7AA9F53D1C3BCEBF004A59FA /* home_icon_01@2x.png */ = {isa = PBXFileReference; lastKnownFileType = image.png; path = "home_icon_01@2x.png"; sourceTree = "<group>"; };
		7AA9F53E1C3BCEBF004A59FA /* home_icon_03@2x.png */ = {isa = PBXFileReference; lastKnownFileType = image.png; path = "home_icon_03@2x.png"; sourceTree = "<group>"; };
		7AA9F5441C3BCEC6004A59FA /* home_zhuanti@2x.png */ = {isa = PBXFileReference; lastKnownFileType = image.png; path = "home_zhuanti@2x.png"; sourceTree = "<group>"; };
		7AA9F5461C3BD147004A59FA /* home_01@2x.png */ = {isa = PBXFileReference; lastKnownFileType = image.png; path = "home_01@2x.png"; sourceTree = "<group>"; };
		7AB4DCAB1C3CB7BE00DDC072 /* pos@2x.png */ = {isa = PBXFileReference; lastKnownFileType = image.png; path = "pos@2x.png"; sourceTree = "<group>"; };
		7AB4DCAD1C3CBC1600DDC072 /* SelectCityViewController.h */ = {isa = PBXFileReference; fileEncoding = 4; lastKnownFileType = sourcecode.c.h; path = SelectCityViewController.h; sourceTree = "<group>"; };
		7AB4DCAE1C3CBC1600DDC072 /* SelectCityViewController.m */ = {isa = PBXFileReference; fileEncoding = 4; lastKnownFileType = sourcecode.c.objc; path = SelectCityViewController.m; sourceTree = "<group>"; };
		7AB4DCB01C3CBDA100DDC072 /* SreachViewController.h */ = {isa = PBXFileReference; fileEncoding = 4; lastKnownFileType = sourcecode.c.h; path = SreachViewController.h; sourceTree = "<group>"; };
		7AB4DCB11C3CBDA100DDC072 /* SreachViewController.m */ = {isa = PBXFileReference; fileEncoding = 4; lastKnownFileType = sourcecode.c.objc; path = SreachViewController.m; sourceTree = "<group>"; };
		7AB4DCB31C3CBE7A00DDC072 /* ActivityDetailViewController.h */ = {isa = PBXFileReference; fileEncoding = 4; lastKnownFileType = sourcecode.c.h; path = ActivityDetailViewController.h; sourceTree = "<group>"; };
		7AB4DCB41C3CBE7A00DDC072 /* ActivityDetailViewController.m */ = {isa = PBXFileReference; fileEncoding = 4; lastKnownFileType = sourcecode.c.objc; path = ActivityDetailViewController.m; sourceTree = "<group>"; };
		7AB4DCB61C3CBF4700DDC072 /* ThemeDetailViewController.h */ = {isa = PBXFileReference; fileEncoding = 4; lastKnownFileType = sourcecode.c.h; path = ThemeDetailViewController.h; sourceTree = "<group>"; };
		7AB4DCB71C3CBF4700DDC072 /* ThemeDetailViewController.m */ = {isa = PBXFileReference; fileEncoding = 4; lastKnownFileType = sourcecode.c.objc; path = ThemeDetailViewController.m; sourceTree = "<group>"; };
		7AB4DCB91C3CBFF400DDC072 /* ClassifyViewController.h */ = {isa = PBXFileReference; fileEncoding = 4; lastKnownFileType = sourcecode.c.h; path = ClassifyViewController.h; sourceTree = "<group>"; };
		7AB4DCBA1C3CBFF400DDC072 /* ClassifyViewController.m */ = {isa = PBXFileReference; fileEncoding = 4; lastKnownFileType = sourcecode.c.objc; path = ClassifyViewController.m; sourceTree = "<group>"; };
		7AB4DCBF1C3CC07F00DDC072 /* HotActivityViewController.h */ = {isa = PBXFileReference; fileEncoding = 4; lastKnownFileType = sourcecode.c.h; path = HotActivityViewController.h; sourceTree = "<group>"; };
		7AB4DCC01C3CC07F00DDC072 /* HotActivityViewController.m */ = {isa = PBXFileReference; fileEncoding = 4; lastKnownFileType = sourcecode.c.objc; path = HotActivityViewController.m; sourceTree = "<group>"; };
		7AB74AEE1C3A4E2700F27D26 /* DiscoverViewController.h */ = {isa = PBXFileReference; fileEncoding = 4; lastKnownFileType = sourcecode.c.h; path = DiscoverViewController.h; sourceTree = "<group>"; };
		7AB74AEF1C3A4E2700F27D26 /* DiscoverViewController.m */ = {isa = PBXFileReference; fileEncoding = 4; lastKnownFileType = sourcecode.c.objc; path = DiscoverViewController.m; sourceTree = "<group>"; };
		7AB74AF41C3A4E2700F27D26 /* MainViewController.h */ = {isa = PBXFileReference; fileEncoding = 4; lastKnownFileType = sourcecode.c.h; path = MainViewController.h; sourceTree = "<group>"; };
		7AB74AF51C3A4E2700F27D26 /* MainViewController.m */ = {isa = PBXFileReference; fileEncoding = 4; lastKnownFileType = sourcecode.c.objc; path = MainViewController.m; sourceTree = "<group>"; };
		7AB74AFA1C3A4E2700F27D26 /* MineViewController.h */ = {isa = PBXFileReference; fileEncoding = 4; lastKnownFileType = sourcecode.c.h; path = MineViewController.h; sourceTree = "<group>"; };
		7AB74AFB1C3A4E2700F27D26 /* MineViewController.m */ = {isa = PBXFileReference; fileEncoding = 4; lastKnownFileType = sourcecode.c.objc; path = MineViewController.m; sourceTree = "<group>"; };
		7AB74B031C3A506300F27D26 /* Main.storyboard */ = {isa = PBXFileReference; fileEncoding = 4; lastKnownFileType = file.storyboard; path = Main.storyboard; sourceTree = "<group>"; };
		7AB74B051C3A507700F27D26 /* Discover.storyboard */ = {isa = PBXFileReference; fileEncoding = 4; lastKnownFileType = file.storyboard; path = Discover.storyboard; sourceTree = "<group>"; };
		7AB74B071C3A50D000F27D26 /* Mine.storyboard */ = {isa = PBXFileReference; fileEncoding = 4; lastKnownFileType = file.storyboard; path = Mine.storyboard; sourceTree = "<group>"; };
		7AB74C701C3A66F400F27D26 /* ft_found_normal_ic@2x.png */ = {isa = PBXFileReference; lastKnownFileType = image.png; path = "ft_found_normal_ic@2x.png"; sourceTree = "<group>"; };
		7AB74C711C3A66F400F27D26 /* ft_found_normal_ic@3x.png */ = {isa = PBXFileReference; lastKnownFileType = image.png; path = "ft_found_normal_ic@3x.png"; sourceTree = "<group>"; };
		7AB74C721C3A66F400F27D26 /* ft_found_selected_ic@2x.png */ = {isa = PBXFileReference; lastKnownFileType = image.png; path = "ft_found_selected_ic@2x.png"; sourceTree = "<group>"; };
		7AB74C731C3A66F400F27D26 /* ft_found_selected_ic@3x.png */ = {isa = PBXFileReference; lastKnownFileType = image.png; path = "ft_found_selected_ic@3x.png"; sourceTree = "<group>"; };
		7AB74C741C3A66F400F27D26 /* ft_home_normal_ic@2x.png */ = {isa = PBXFileReference; lastKnownFileType = image.png; path = "ft_home_normal_ic@2x.png"; sourceTree = "<group>"; };
		7AB74C751C3A66F400F27D26 /* ft_home_normal_ic@3x.png */ = {isa = PBXFileReference; lastKnownFileType = image.png; path = "ft_home_normal_ic@3x.png"; sourceTree = "<group>"; };
		7AB74C761C3A66F400F27D26 /* ft_home_selected_ic@2x.png */ = {isa = PBXFileReference; lastKnownFileType = image.png; path = "ft_home_selected_ic@2x.png"; sourceTree = "<group>"; };
		7AB74C771C3A66F400F27D26 /* ft_home_selected_ic@3x.png */ = {isa = PBXFileReference; lastKnownFileType = image.png; path = "ft_home_selected_ic@3x.png"; sourceTree = "<group>"; };
		7AB74C781C3A66F400F27D26 /* ft_person_normal_ic@2x.png */ = {isa = PBXFileReference; lastKnownFileType = image.png; path = "ft_person_normal_ic@2x.png"; sourceTree = "<group>"; };
		7AB74C791C3A66F400F27D26 /* ft_person_normal_ic@3x.png */ = {isa = PBXFileReference; lastKnownFileType = image.png; path = "ft_person_normal_ic@3x.png"; sourceTree = "<group>"; };
		7AB74C7A1C3A66F400F27D26 /* ft_person_selected_ic@2x.png */ = {isa = PBXFileReference; lastKnownFileType = image.png; path = "ft_person_selected_ic@2x.png"; sourceTree = "<group>"; };
		7AB74C7B1C3A66F400F27D26 /* ft_person_selected_ic@3x.png */ = {isa = PBXFileReference; lastKnownFileType = image.png; path = "ft_person_selected_ic@3x.png"; sourceTree = "<group>"; };
		7AB74C881C3A766A00F27D26 /* MainTableViewCell.h */ = {isa = PBXFileReference; fileEncoding = 4; lastKnownFileType = sourcecode.c.h; path = MainTableViewCell.h; sourceTree = "<group>"; };
		7AB74C891C3A766A00F27D26 /* MainTableViewCell.m */ = {isa = PBXFileReference; fileEncoding = 4; lastKnownFileType = sourcecode.c.objc; path = MainTableViewCell.m; sourceTree = "<group>"; };
		7AB74C8A1C3A766A00F27D26 /* MainTableViewCell.xib */ = {isa = PBXFileReference; fileEncoding = 4; lastKnownFileType = file.xib; path = MainTableViewCell.xib; sourceTree = "<group>"; };
		7AC277661C466AA200235610 /* WeiBoViewController.h */ = {isa = PBXFileReference; fileEncoding = 4; lastKnownFileType = sourcecode.c.h; path = WeiBoViewController.h; sourceTree = "<group>"; };
		7AC277671C466AA200235610 /* WeiBoViewController.m */ = {isa = PBXFileReference; fileEncoding = 4; lastKnownFileType = sourcecode.c.objc; path = WeiBoViewController.m; sourceTree = "<group>"; };
		7ACCC6A01C44FA73001E0BDB /* DiscoverTableViewCell.h */ = {isa = PBXFileReference; fileEncoding = 4; lastKnownFileType = sourcecode.c.h; path = DiscoverTableViewCell.h; sourceTree = "<group>"; };
		7ACCC6A11C44FA73001E0BDB /* DiscoverTableViewCell.m */ = {isa = PBXFileReference; fileEncoding = 4; lastKnownFileType = sourcecode.c.objc; path = DiscoverTableViewCell.m; sourceTree = "<group>"; };
		7ACCC6A21C44FA73001E0BDB /* DiscoverTableViewCell.xib */ = {isa = PBXFileReference; fileEncoding = 4; lastKnownFileType = file.xib; path = DiscoverTableViewCell.xib; sourceTree = "<group>"; };
		7AD979241C43924C003585BD /* VOContentLayer.h */ = {isa = PBXFileReference; fileEncoding = 4; lastKnownFileType = sourcecode.c.h; path = VOContentLayer.h; sourceTree = "<group>"; };
		7AD979251C43924C003585BD /* VOContentLayer.m */ = {isa = PBXFileReference; fileEncoding = 4; lastKnownFileType = sourcecode.c.objc; path = VOContentLayer.m; sourceTree = "<group>"; };
		7AD979261C43924C003585BD /* VOIndicatorAnimation.h */ = {isa = PBXFileReference; fileEncoding = 4; lastKnownFileType = sourcecode.c.h; path = VOIndicatorAnimation.h; sourceTree = "<group>"; };
		7AD979271C43924C003585BD /* VOIndicatorAnimation.m */ = {isa = PBXFileReference; fileEncoding = 4; lastKnownFileType = sourcecode.c.objc; path = VOIndicatorAnimation.m; sourceTree = "<group>"; };
		7AD979281C43924C003585BD /* VOSegment.h */ = {isa = PBXFileReference; fileEncoding = 4; lastKnownFileType = sourcecode.c.h; path = VOSegment.h; sourceTree = "<group>"; };
		7AD979291C43924C003585BD /* VOSegment.m */ = {isa = PBXFileReference; fileEncoding = 4; lastKnownFileType = sourcecode.c.objc; path = VOSegment.m; sourceTree = "<group>"; };
		7AD9792A1C43924C003585BD /* VOSegmentedControl.h */ = {isa = PBXFileReference; fileEncoding = 4; lastKnownFileType = sourcecode.c.h; path = VOSegmentedControl.h; sourceTree = "<group>"; };
		7AD9792B1C43924C003585BD /* VOSegmentedControl.m */ = {isa = PBXFileReference; fileEncoding = 4; lastKnownFileType = sourcecode.c.objc; path = VOSegmentedControl.m; sourceTree = "<group>"; };
		7AE3F20B1C462C2F00906012 /* MessageUI.framework */ = {isa = PBXFileReference; lastKnownFileType = wrapper.framework; name = MessageUI.framework; path = System/Library/Frameworks/MessageUI.framework; sourceTree = SDKROOT; };
		7AE3F20E1C464F5E00906012 /* libWeiboSDK.a */ = {isa = PBXFileReference; lastKnownFileType = archive.ar; path = libWeiboSDK.a; sourceTree = "<group>"; };
		7AE3F20F1C464F5E00906012 /* WBHttpRequest+WeiboGame.h */ = {isa = PBXFileReference; fileEncoding = 4; lastKnownFileType = sourcecode.c.h; path = "WBHttpRequest+WeiboGame.h"; sourceTree = "<group>"; };
		7AE3F2101C464F5E00906012 /* WBHttpRequest+WeiboShare.h */ = {isa = PBXFileReference; fileEncoding = 4; lastKnownFileType = sourcecode.c.h; path = "WBHttpRequest+WeiboShare.h"; sourceTree = "<group>"; };
		7AE3F2111C464F5E00906012 /* WBHttpRequest+WeiboToken.h */ = {isa = PBXFileReference; fileEncoding = 4; lastKnownFileType = sourcecode.c.h; path = "WBHttpRequest+WeiboToken.h"; sourceTree = "<group>"; };
		7AE3F2121C464F5E00906012 /* WBHttpRequest+WeiboUser.h */ = {isa = PBXFileReference; fileEncoding = 4; lastKnownFileType = sourcecode.c.h; path = "WBHttpRequest+WeiboUser.h"; sourceTree = "<group>"; };
		7AE3F2131C464F5E00906012 /* WBHttpRequest.h */ = {isa = PBXFileReference; fileEncoding = 4; lastKnownFileType = sourcecode.c.h; path = WBHttpRequest.h; sourceTree = "<group>"; };
		7AE3F2141C464F5E00906012 /* WBSDKBasicButton.h */ = {isa = PBXFileReference; fileEncoding = 4; lastKnownFileType = sourcecode.c.h; path = WBSDKBasicButton.h; sourceTree = "<group>"; };
		7AE3F2151C464F5E00906012 /* WBSDKCommentButton.h */ = {isa = PBXFileReference; fileEncoding = 4; lastKnownFileType = sourcecode.c.h; path = WBSDKCommentButton.h; sourceTree = "<group>"; };
		7AE3F2161C464F5E00906012 /* WBSDKRelationshipButton.h */ = {isa = PBXFileReference; fileEncoding = 4; lastKnownFileType = sourcecode.c.h; path = WBSDKRelationshipButton.h; sourceTree = "<group>"; };
		7AE3F2171C464F5E00906012 /* WeiboSDK.bundle */ = {isa = PBXFileReference; lastKnownFileType = "wrapper.plug-in"; path = WeiboSDK.bundle; sourceTree = "<group>"; };
		7AE3F2181C464F5E00906012 /* WeiboSDK.h */ = {isa = PBXFileReference; fileEncoding = 4; lastKnownFileType = sourcecode.c.h; path = WeiboSDK.h; sourceTree = "<group>"; };
		7AE3F2191C464F5E00906012 /* WeiboUser.h */ = {isa = PBXFileReference; fileEncoding = 4; lastKnownFileType = sourcecode.c.h; path = WeiboUser.h; sourceTree = "<group>"; };
		7AE3F21C1C46501F00906012 /* QuartzCore.framework */ = {isa = PBXFileReference; lastKnownFileType = wrapper.framework; name = QuartzCore.framework; path = System/Library/Frameworks/QuartzCore.framework; sourceTree = SDKROOT; };
		7AE3F21E1C46502E00906012 /* ImageIO.framework */ = {isa = PBXFileReference; lastKnownFileType = wrapper.framework; name = ImageIO.framework; path = System/Library/Frameworks/ImageIO.framework; sourceTree = SDKROOT; };
		7AE3F2201C46503E00906012 /* SystemConfiguration.framework */ = {isa = PBXFileReference; lastKnownFileType = wrapper.framework; name = SystemConfiguration.framework; path = System/Library/Frameworks/SystemConfiguration.framework; sourceTree = SDKROOT; };
		7AE3F2221C46504900906012 /* Security.framework */ = {isa = PBXFileReference; lastKnownFileType = wrapper.framework; name = Security.framework; path = System/Library/Frameworks/Security.framework; sourceTree = SDKROOT; };
		7AE3F2241C46505200906012 /* CoreTelephony.framework */ = {isa = PBXFileReference; lastKnownFileType = wrapper.framework; name = CoreTelephony.framework; path = System/Library/Frameworks/CoreTelephony.framework; sourceTree = SDKROOT; };
		7AE3F2261C46505B00906012 /* CoreText.framework */ = {isa = PBXFileReference; lastKnownFileType = wrapper.framework; name = CoreText.framework; path = System/Library/Frameworks/CoreText.framework; sourceTree = SDKROOT; };
		7AE3F2281C46506400906012 /* UIKit.framework */ = {isa = PBXFileReference; lastKnownFileType = wrapper.framework; name = UIKit.framework; path = System/Library/Frameworks/UIKit.framework; sourceTree = SDKROOT; };
		7AE3F22A1C46506D00906012 /* Foundation.framework */ = {isa = PBXFileReference; lastKnownFileType = wrapper.framework; name = Foundation.framework; path = System/Library/Frameworks/Foundation.framework; sourceTree = SDKROOT; };
		7AE3F22C1C46507600906012 /* CoreGraphics.framework */ = {isa = PBXFileReference; lastKnownFileType = wrapper.framework; name = CoreGraphics.framework; path = System/Library/Frameworks/CoreGraphics.framework; sourceTree = SDKROOT; };
		7AE3F22E1C46507D00906012 /* libz.tbd */ = {isa = PBXFileReference; lastKnownFileType = "sourcecode.text-based-dylib-definition"; name = libz.tbd; path = usr/lib/libz.tbd; sourceTree = SDKROOT; };
		7AE3F2301C46508700906012 /* libsqlite3.tbd */ = {isa = PBXFileReference; lastKnownFileType = "sourcecode.text-based-dylib-definition"; name = libsqlite3.tbd; path = usr/lib/libsqlite3.tbd; sourceTree = SDKROOT; };
		D3ECBF67D39F69274FCA022A /* Pods.release.xcconfig */ = {isa = PBXFileReference; includeInIndex = 1; lastKnownFileType = text.xcconfig; name = Pods.release.xcconfig; path = "Pods/Target Support Files/Pods/Pods.release.xcconfig"; sourceTree = "<group>"; };
/* End PBXFileReference section */

/* Begin PBXFrameworksBuildPhase section */
		7A83B9FD1C3A3AFB00A168D4 /* Frameworks */ = {
			isa = PBXFrameworksBuildPhase;
			buildActionMask = 2147483647;
			files = (
				7AE3F2311C46508700906012 /* libsqlite3.tbd in Frameworks */,
				7AE3F22F1C46507D00906012 /* libz.tbd in Frameworks */,
				7AE3F22D1C46507600906012 /* CoreGraphics.framework in Frameworks */,
				7AE3F22B1C46506D00906012 /* Foundation.framework in Frameworks */,
				7AE3F2291C46506400906012 /* UIKit.framework in Frameworks */,
				7AE3F2271C46505B00906012 /* CoreText.framework in Frameworks */,
				7AE3F2251C46505200906012 /* CoreTelephony.framework in Frameworks */,
				7AE3F2231C46504900906012 /* Security.framework in Frameworks */,
				7AE3F2211C46503E00906012 /* SystemConfiguration.framework in Frameworks */,
				7AE3F21F1C46502E00906012 /* ImageIO.framework in Frameworks */,
				7AE3F21D1C46501F00906012 /* QuartzCore.framework in Frameworks */,
				7AE3F20C1C462C2F00906012 /* MessageUI.framework in Frameworks */,
				7AA9F50E1C3B9D21004A59FA /* AVFoundation.framework in Frameworks */,
				74703D3686C259B550B4CA34 /* libPods.a in Frameworks */,
				7AE3F21A1C464F5E00906012 /* libWeiboSDK.a in Frameworks */,
			);
			runOnlyForDeploymentPostprocessing = 0;
		};
/* End PBXFrameworksBuildPhase section */

/* Begin PBXGroup section */
		7A1148A11C3F9DC700866947 /* PullingRefreshTableView */ = {
			isa = PBXGroup;
			children = (
				7A1148A21C3F9DC700866947 /* blueArrow.png */,
				7A1148A31C3F9DC700866947 /* blueArrowDown.png */,
				7A1148A41C3F9DC700866947 /* PullingRefreshTableView.h */,
				7A1148A51C3F9DC700866947 /* PullingRefreshTableView.m */,
			);
			path = PullingRefreshTableView;
			sourceTree = "<group>";
		};
		7A308B721C449F64004CAD8E /* ProgressHUD */ = {
			isa = PBXGroup;
			children = (
				7A308B731C449F64004CAD8E /* ProgressHUD.bundle */,
				7A308B741C449F64004CAD8E /* ProgressHUD.h */,
				7A308B751C449F64004CAD8E /* ProgressHUD.m */,
			);
			path = ProgressHUD;
			sourceTree = "<group>";
		};
		7A45A9D31C450CB100B4D76F /* Tool */ = {
			isa = PBXGroup;
			children = (
				7A45A9D41C450CB100B4D76F /* HWDefine.h */,
				7A45A9D51C450CB100B4D76F /* HWTool.h */,
				7A45A9D61C450CB100B4D76F /* HWTool.m */,
				7A45A9D71C450CB100B4D76F /* PrefixHeader.pch */,
				7A45A9D81C450CB100B4D76F /* UIView+Extenstin.h */,
				7A45A9D91C450CB100B4D76F /* UIView+Extenstin.m */,
				7A45A9DA1C450CB100B4D76F /* UIViewController+Common.h */,
				7A45A9DB1C450CB100B4D76F /* UIViewController+Common.m */,
			);
			path = Tool;
			sourceTree = "<group>";
		};
		7A83B9F71C3A3AFB00A168D4 = {
			isa = PBXGroup;
			children = (
				7A83BA021C3A3AFB00A168D4 /* Pandas */,
				7A83BA011C3A3AFB00A168D4 /* Products */,
				E6378E31C856830CAFB54159 /* Pods */,
				D989709C28E84AB3156CB1C7 /* Frameworks */,
			);
			sourceTree = "<group>";
		};
		7A83BA011C3A3AFB00A168D4 /* Products */ = {
			isa = PBXGroup;
			children = (
				7A83BA001C3A3AFB00A168D4 /* Pandas.app */,
			);
			name = Products;
			sourceTree = "<group>";
		};
		7A83BA021C3A3AFB00A168D4 /* Pandas */ = {
			isa = PBXGroup;
			children = (
				7A83BA061C3A3AFB00A168D4 /* AppDelegate.h */,
				7A83BA071C3A3AFB00A168D4 /* AppDelegate.m */,
				7AB74AEB1C3A4E2700F27D26 /* Classes */,
				7AB74B011C3A4E3100F27D26 /* Library */,
				7AB74B021C3A4FDA00F27D26 /* Resource */,
				7A83BA0B1C3A3AFB00A168D4 /* LaunchScreen.storyboard */,
				7AA9F5441C3BCEC6004A59FA /* home_zhuanti@2x.png */,
				7A83BA091C3A3AFB00A168D4 /* Assets.xcassets */,
				7A83BA0E1C3A3AFB00A168D4 /* Info.plist */,
				7A83BA031C3A3AFB00A168D4 /* Supporting Files */,
			);
			path = Pandas;
			sourceTree = "<group>";
		};
		7A83BA031C3A3AFB00A168D4 /* Supporting Files */ = {
			isa = PBXGroup;
			children = (
				7A83BA041C3A3AFB00A168D4 /* main.m */,
			);
			name = "Supporting Files";
			sourceTree = "<group>";
		};
		7AB74AEB1C3A4E2700F27D26 /* Classes */ = {
			isa = PBXGroup;
			children = (
				7A45A9D31C450CB100B4D76F /* Tool */,
				7AB74AF21C3A4E2700F27D26 /* Main */,
				7AB74AEC1C3A4E2700F27D26 /* Discover */,
				7AB74AF81C3A4E2700F27D26 /* Mine */,
			);
			path = Classes;
			sourceTree = "<group>";
		};
		7AB74AEC1C3A4E2700F27D26 /* Discover */ = {
			isa = PBXGroup;
			children = (
				7AB74AED1C3A4E2700F27D26 /* Controllers */,
				7AB74AF01C3A4E2700F27D26 /* Models */,
				7AB74AF11C3A4E2700F27D26 /* Views */,
			);
			path = Discover;
			sourceTree = "<group>";
		};
		7AB74AED1C3A4E2700F27D26 /* Controllers */ = {
			isa = PBXGroup;
			children = (
				7AB74AEE1C3A4E2700F27D26 /* DiscoverViewController.h */,
				7AB74AEF1C3A4E2700F27D26 /* DiscoverViewController.m */,
			);
			path = Controllers;
			sourceTree = "<group>";
		};
		7AB74AF01C3A4E2700F27D26 /* Models */ = {
			isa = PBXGroup;
			children = (
				7A45A9DF1C4511EF00B4D76F /* Discover.plist */,
				7A45A9E11C4512D300B4D76F /* DiscoverModel.h */,
				7A45A9E21C4512D300B4D76F /* DiscoverModel.m */,
			);
			path = Models;
			sourceTree = "<group>";
		};
		7AB74AF11C3A4E2700F27D26 /* Views */ = {
			isa = PBXGroup;
			children = (
				7AB74B051C3A507700F27D26 /* Discover.storyboard */,
				7ACCC6A01C44FA73001E0BDB /* DiscoverTableViewCell.h */,
				7ACCC6A11C44FA73001E0BDB /* DiscoverTableViewCell.m */,
				7ACCC6A21C44FA73001E0BDB /* DiscoverTableViewCell.xib */,
			);
			path = Views;
			sourceTree = "<group>";
		};
		7AB74AF21C3A4E2700F27D26 /* Main */ = {
			isa = PBXGroup;
			children = (
				7AB74AF31C3A4E2700F27D26 /* Controllers */,
				7AB74AF61C3A4E2700F27D26 /* Models */,
				7AB74AF71C3A4E2700F27D26 /* Views */,
			);
			path = Main;
			sourceTree = "<group>";
		};
		7AB74AF31C3A4E2700F27D26 /* Controllers */ = {
			isa = PBXGroup;
			children = (
				7AB74AF41C3A4E2700F27D26 /* MainViewController.h */,
				7AB74AF51C3A4E2700F27D26 /* MainViewController.m */,
				7A8D31681C3FF0FE002373F3 /* GoodViewController.h */,
				7A8D31691C3FF0FE002373F3 /* GoodViewController.m */,
				7AB4DCBF1C3CC07F00DDC072 /* HotActivityViewController.h */,
				7AB4DCC01C3CC07F00DDC072 /* HotActivityViewController.m */,
				7AB4DCB91C3CBFF400DDC072 /* ClassifyViewController.h */,
				7AB4DCBA1C3CBFF400DDC072 /* ClassifyViewController.m */,
				7AB4DCB61C3CBF4700DDC072 /* ThemeDetailViewController.h */,
				7AB4DCB71C3CBF4700DDC072 /* ThemeDetailViewController.m */,
				7AB4DCB31C3CBE7A00DDC072 /* ActivityDetailViewController.h */,
				7AB4DCB41C3CBE7A00DDC072 /* ActivityDetailViewController.m */,
				7AB4DCAD1C3CBC1600DDC072 /* SelectCityViewController.h */,
				7AB4DCAE1C3CBC1600DDC072 /* SelectCityViewController.m */,
				7AB4DCB01C3CBDA100DDC072 /* SreachViewController.h */,
				7AB4DCB11C3CBDA100DDC072 /* SreachViewController.m */,
			);
			path = Controllers;
			sourceTree = "<group>";
		};
		7AB74AF61C3A4E2700F27D26 /* Models */ = {
			isa = PBXGroup;
			children = (
				7AA9F5111C3BA073004A59FA /* MainModel.h */,
				7AA9F5121C3BA073004A59FA /* MainModel.m */,
				7A5C1AA71C43A82100E46442 /* typeud21.plist */,
				7A5C1AA91C43A82600E46442 /* typeid6.plist */,
				7A5C1AAB1C43A82C00E46442 /* typeid22.plist */,
				7A5C1AAD1C43A83000E46442 /* typeid23.plist */,
				7A01EE991C3E1C21004AF20E /* File */,
				7AA9F5141C3BA477004A59FA /* Property List.plist */,
				7AA92CF21C3F580100FDC38A /* MainList.plist */,
				7AA92CF41C3F5D4200FDC38A /* ActivityTheme.plist */,
				7A8D31641C3FC213002373F3 /* good.plist */,
				7A8D31661C3FE4CA002373F3 /* File01 */,
				7A8D31611C3FBE49002373F3 /* GoodActivityModel.h */,
				7A8D31621C3FBE49002373F3 /* GoodActivityModel.m */,
				7A9C15F91C4239A800F0478A /* HotActivityModel.h */,
				7A9C15FA1C4239A800F0478A /* HotActivityModel.m */,
				7A9C15F71C4234D300F0478A /* HotActivity.plist */,
			);
			path = Models;
			sourceTree = "<group>";
		};
		7AB74AF71C3A4E2700F27D26 /* Views */ = {
			isa = PBXGroup;
			children = (
				7AB74B031C3A506300F27D26 /* Main.storyboard */,
				7AB74C881C3A766A00F27D26 /* MainTableViewCell.h */,
				7AB74C891C3A766A00F27D26 /* MainTableViewCell.m */,
				7AB74C8A1C3A766A00F27D26 /* MainTableViewCell.xib */,
				7A01EE961C3E10F0004AF20E /* ActivityDetailView.h */,
				7A01EE971C3E10F0004AF20E /* ActivityDetailView.m */,
				7AA92CF61C3F5EC000FDC38A /* ActivityThemeView.h */,
				7AA92CF71C3F5EC000FDC38A /* ActivityThemeView.m */,
				7A1148A91C3FA3BD00866947 /* GoodActivityTableViewCell.h */,
				7A1148AA1C3FA3BD00866947 /* GoodActivityTableViewCell.m */,
				7A1148AB1C3FA3BD00866947 /* GoodActivityTableViewCell.xib */,
				7A9C15F21C42347100F0478A /* HotActivityTableViewCell.h */,
				7A9C15F31C42347100F0478A /* HotActivityTableViewCell.m */,
				7A9C15F41C42347100F0478A /* HotActivityTableViewCell.xib */,
			);
			path = Views;
			sourceTree = "<group>";
		};
		7AB74AF81C3A4E2700F27D26 /* Mine */ = {
			isa = PBXGroup;
			children = (
				7AB74AF91C3A4E2700F27D26 /* Controllers */,
				7AB74AFC1C3A4E2700F27D26 /* Models */,
				7AB74AFD1C3A4E2700F27D26 /* Views */,
			);
			path = Mine;
			sourceTree = "<group>";
		};
		7AB74AF91C3A4E2700F27D26 /* Controllers */ = {
			isa = PBXGroup;
			children = (
				7AB74AFA1C3A4E2700F27D26 /* MineViewController.h */,
				7AB74AFB1C3A4E2700F27D26 /* MineViewController.m */,
				7AC277661C466AA200235610 /* WeiBoViewController.h */,
				7AC277671C466AA200235610 /* WeiBoViewController.m */,
			);
			path = Controllers;
			sourceTree = "<group>";
		};
		7AB74AFC1C3A4E2700F27D26 /* Models */ = {
			isa = PBXGroup;
			children = (
			);
			path = Models;
			sourceTree = "<group>";
		};
		7AB74AFD1C3A4E2700F27D26 /* Views */ = {
			isa = PBXGroup;
			children = (
				7AB74B071C3A50D000F27D26 /* Mine.storyboard */,
			);
			path = Views;
			sourceTree = "<group>";
		};
		7AB74B011C3A4E3100F27D26 /* Library */ = {
			isa = PBXGroup;
			children = (
				7AE3F20D1C464F5E00906012 /* libWeiboSDK */,
				7A308B721C449F64004CAD8E /* ProgressHUD */,
				7AD979231C43924C003585BD /* VOSegmentedControl */,
				7A1148A11C3F9DC700866947 /* PullingRefreshTableView */,
			);
			name = Library;
			path = Classes/Library;
			sourceTree = "<group>";
		};
		7AB74B021C3A4FDA00F27D26 /* Resource */ = {
			isa = PBXGroup;
			children = (
				7AB74C6F1C3A66F400F27D26 /* 30 2 */,
			);
			path = Resource;
			sourceTree = "<group>";
		};
		7AB74C6F1C3A66F400F27D26 /* 30 2 */ = {
			isa = PBXGroup;
			children = (
				7A8D315D1C3FBB42002373F3 /* 001@2x.jpg */,
				7A01EEA21C3E6210004AF20E /* back@2x.png */,
				7A01EE921C3E096A004AF20E /* list_make_out@2x.png */,
				7A01EE8C1C3E0565004AF20E /* grayLine@2x.png */,
				7AB74C701C3A66F400F27D26 /* ft_found_normal_ic@2x.png */,
				7AB74C711C3A66F400F27D26 /* ft_found_normal_ic@3x.png */,
				7AB74C721C3A66F400F27D26 /* ft_found_selected_ic@2x.png */,
				7AB74C731C3A66F400F27D26 /* ft_found_selected_ic@3x.png */,
				7AB74C741C3A66F400F27D26 /* ft_home_normal_ic@2x.png */,
				7AB74C751C3A66F400F27D26 /* ft_home_normal_ic@3x.png */,
				7AB74C761C3A66F400F27D26 /* ft_home_selected_ic@2x.png */,
				7AB74C771C3A66F400F27D26 /* ft_home_selected_ic@3x.png */,
				7AB74C781C3A66F400F27D26 /* ft_person_normal_ic@2x.png */,
				7AB74C791C3A66F400F27D26 /* ft_person_normal_ic@3x.png */,
				7AB74C7A1C3A66F400F27D26 /* ft_person_selected_ic@2x.png */,
				7AB74C7B1C3A66F400F27D26 /* ft_person_selected_ic@3x.png */,
				7AA9F53A1C3BCEBF004A59FA /* home_00@2x.png */,
				7AA9F5461C3BD147004A59FA /* home_01@2x.png */,
				7AA9F53B1C3BCEBF004A59FA /* home_icon_02@2x.png */,
				7AA9F53C1C3BCEBF004A59FA /* home_icon_04@2x.png */,
				7AA9F53D1C3BCEBF004A59FA /* home_icon_01@2x.png */,
				7AA9F53E1C3BCEBF004A59FA /* home_icon_03@2x.png */,
				7AB4DCAB1C3CB7BE00DDC072 /* pos@2x.png */,
				7A01EE941C3E0B61004AF20E /* ac_details_img@2x.png */,
				7A01EE8E1C3E073B004AF20E /* ac_location_normal@2x.png */,
				7A01EE901C3E0741004AF20E /* phone@2x.png */,
			);
			path = "30 2";
			sourceTree = "<group>";
		};
		7AD979231C43924C003585BD /* VOSegmentedControl */ = {
			isa = PBXGroup;
			children = (
				7AD979241C43924C003585BD /* VOContentLayer.h */,
				7AD979251C43924C003585BD /* VOContentLayer.m */,
				7AD979261C43924C003585BD /* VOIndicatorAnimation.h */,
				7AD979271C43924C003585BD /* VOIndicatorAnimation.m */,
				7AD979281C43924C003585BD /* VOSegment.h */,
				7AD979291C43924C003585BD /* VOSegment.m */,
				7AD9792A1C43924C003585BD /* VOSegmentedControl.h */,
				7AD9792B1C43924C003585BD /* VOSegmentedControl.m */,
			);
			path = VOSegmentedControl;
			sourceTree = "<group>";
		};
		7AE3F20D1C464F5E00906012 /* libWeiboSDK */ = {
			isa = PBXGroup;
			children = (
				7AE3F20E1C464F5E00906012 /* libWeiboSDK.a */,
				7AE3F20F1C464F5E00906012 /* WBHttpRequest+WeiboGame.h */,
				7AE3F2101C464F5E00906012 /* WBHttpRequest+WeiboShare.h */,
				7AE3F2111C464F5E00906012 /* WBHttpRequest+WeiboToken.h */,
				7AE3F2121C464F5E00906012 /* WBHttpRequest+WeiboUser.h */,
				7AE3F2131C464F5E00906012 /* WBHttpRequest.h */,
				7AE3F2141C464F5E00906012 /* WBSDKBasicButton.h */,
				7AE3F2151C464F5E00906012 /* WBSDKCommentButton.h */,
				7AE3F2161C464F5E00906012 /* WBSDKRelationshipButton.h */,
				7AE3F2171C464F5E00906012 /* WeiboSDK.bundle */,
				7AE3F2181C464F5E00906012 /* WeiboSDK.h */,
				7AE3F2191C464F5E00906012 /* WeiboUser.h */,
			);
			path = libWeiboSDK;
			sourceTree = "<group>";
		};
		D989709C28E84AB3156CB1C7 /* Frameworks */ = {
			isa = PBXGroup;
			children = (
				7AE3F2301C46508700906012 /* libsqlite3.tbd */,
				7AE3F22E1C46507D00906012 /* libz.tbd */,
				7AE3F22C1C46507600906012 /* CoreGraphics.framework */,
				7AE3F22A1C46506D00906012 /* Foundation.framework */,
				7AE3F2281C46506400906012 /* UIKit.framework */,
				7AE3F2261C46505B00906012 /* CoreText.framework */,
				7AE3F2241C46505200906012 /* CoreTelephony.framework */,
				7AE3F2221C46504900906012 /* Security.framework */,
				7AE3F2201C46503E00906012 /* SystemConfiguration.framework */,
				7AE3F21E1C46502E00906012 /* ImageIO.framework */,
				7AE3F21C1C46501F00906012 /* QuartzCore.framework */,
				7AE3F20B1C462C2F00906012 /* MessageUI.framework */,
				7AA9F50D1C3B9D21004A59FA /* AVFoundation.framework */,
				0D9B935C58AA38056A1627F1 /* libPods.a */,
			);
			name = Frameworks;
			sourceTree = "<group>";
		};
		E6378E31C856830CAFB54159 /* Pods */ = {
			isa = PBXGroup;
			children = (
				535471C46C07F20EC1530AD6 /* Pods.debug.xcconfig */,
				D3ECBF67D39F69274FCA022A /* Pods.release.xcconfig */,
			);
			name = Pods;
			sourceTree = "<group>";
		};
/* End PBXGroup section */

/* Begin PBXNativeTarget section */
		7A83B9FF1C3A3AFB00A168D4 /* Pandas */ = {
			isa = PBXNativeTarget;
			buildConfigurationList = 7A83BA111C3A3AFB00A168D4 /* Build configuration list for PBXNativeTarget "Pandas" */;
			buildPhases = (
				0C5DDCE77CBF04AF16EDCF21 /* Check Pods Manifest.lock */,
				7A83B9FC1C3A3AFB00A168D4 /* Sources */,
				7A83B9FD1C3A3AFB00A168D4 /* Frameworks */,
				7A83B9FE1C3A3AFB00A168D4 /* Resources */,
				03422D24C1D80275BD51678C /* Embed Pods Frameworks */,
				CD9B1CEF1169053E868B2218 /* Copy Pods Resources */,
			);
			buildRules = (
			);
			dependencies = (
			);
			name = Pandas;
			productName = Pandas;
			productReference = 7A83BA001C3A3AFB00A168D4 /* Pandas.app */;
			productType = "com.apple.product-type.application";
		};
/* End PBXNativeTarget section */

/* Begin PBXProject section */
		7A83B9F81C3A3AFB00A168D4 /* Project object */ = {
			isa = PBXProject;
			attributes = {
				LastUpgradeCheck = 0720;
				ORGANIZATIONNAME = "苹果IOS";
				TargetAttributes = {
					7A83B9FF1C3A3AFB00A168D4 = {
						CreatedOnToolsVersion = 7.2;
					};
				};
			};
			buildConfigurationList = 7A83B9FB1C3A3AFB00A168D4 /* Build configuration list for PBXProject "Pandas" */;
			compatibilityVersion = "Xcode 3.2";
			developmentRegion = English;
			hasScannedForEncodings = 0;
			knownRegions = (
				en,
				Base,
			);
			mainGroup = 7A83B9F71C3A3AFB00A168D4;
			productRefGroup = 7A83BA011C3A3AFB00A168D4 /* Products */;
			projectDirPath = "";
			projectRoot = "";
			targets = (
				7A83B9FF1C3A3AFB00A168D4 /* Pandas */,
			);
		};
/* End PBXProject section */

/* Begin PBXResourcesBuildPhase section */
		7A83B9FE1C3A3AFB00A168D4 /* Resources */ = {
			isa = PBXResourcesBuildPhase;
			buildActionMask = 2147483647;
			files = (
				7ACCC6A41C44FA73001E0BDB /* DiscoverTableViewCell.xib in Resources */,
				7AA9F5431C3BCEBF004A59FA /* home_icon_03@2x.png in Resources */,
				7AA9F53F1C3BCEBF004A59FA /* home_00@2x.png in Resources */,
				7AB74C8C1C3A766A00F27D26 /* MainTableViewCell.xib in Resources */,
				7A01EEA31C3E6210004AF20E /* back@2x.png in Resources */,
				7AB74C7E1C3A66F400F27D26 /* ft_found_selected_ic@2x.png in Resources */,
				7AB74C7D1C3A66F400F27D26 /* ft_found_normal_ic@3x.png in Resources */,
				7AB74B041C3A506300F27D26 /* Main.storyboard in Resources */,
				7A9C15F81C4234D300F0478A /* HotActivity.plist in Resources */,
				7AB74C871C3A66F400F27D26 /* ft_person_selected_ic@3x.png in Resources */,
				7A308B761C449F64004CAD8E /* ProgressHUD.bundle in Resources */,
				7AB74B061C3A507700F27D26 /* Discover.storyboard in Resources */,
				7AB74C841C3A66F400F27D26 /* ft_person_normal_ic@2x.png in Resources */,
				7AA9F5411C3BCEBF004A59FA /* home_icon_04@2x.png in Resources */,
				7A5C1AAE1C43A83000E46442 /* typeid23.plist in Resources */,
				7A9C15F61C42347100F0478A /* HotActivityTableViewCell.xib in Resources */,
				7AA9F5421C3BCEBF004A59FA /* home_icon_01@2x.png in Resources */,
				7AB74C801C3A66F400F27D26 /* ft_home_normal_ic@2x.png in Resources */,
				7AB74C851C3A66F400F27D26 /* ft_person_normal_ic@3x.png in Resources */,
				7A8D315E1C3FBB42002373F3 /* 001@2x.jpg in Resources */,
				7AB74B081C3A50D000F27D26 /* Mine.storyboard in Resources */,
				7A1148A61C3F9DC700866947 /* blueArrow.png in Resources */,
				7AA9F5401C3BCEBF004A59FA /* home_icon_02@2x.png in Resources */,
				7AA9F5471C3BD147004A59FA /* home_01@2x.png in Resources */,
				7A5C1AA81C43A82100E46442 /* typeud21.plist in Resources */,
				7AB74C811C3A66F400F27D26 /* ft_home_normal_ic@3x.png in Resources */,
				7A01EE9A1C3E1C21004AF20E /* File in Resources */,
				7A01EE931C3E096A004AF20E /* list_make_out@2x.png in Resources */,
				7A01EE911C3E0741004AF20E /* phone@2x.png in Resources */,
				7AA92CF51C3F5D4200FDC38A /* ActivityTheme.plist in Resources */,
				7AA92CF31C3F580100FDC38A /* MainList.plist in Resources */,
				7A83BA0A1C3A3AFB00A168D4 /* Assets.xcassets in Resources */,
				7A1148AD1C3FA3BD00866947 /* GoodActivityTableViewCell.xib in Resources */,
				7AB4DCAC1C3CB7BE00DDC072 /* pos@2x.png in Resources */,
				7A45A9E01C4511EF00B4D76F /* Discover.plist in Resources */,
				7AE3F21B1C464F5E00906012 /* WeiboSDK.bundle in Resources */,
				7AB74C821C3A66F400F27D26 /* ft_home_selected_ic@2x.png in Resources */,
				7AA9F5451C3BCEC6004A59FA /* home_zhuanti@2x.png in Resources */,
				7A8D31651C3FC213002373F3 /* good.plist in Resources */,
				7A5C1AAA1C43A82600E46442 /* typeid6.plist in Resources */,
				7A8D31671C3FE4CA002373F3 /* File01 in Resources */,
				7A01EE951C3E0B61004AF20E /* ac_details_img@2x.png in Resources */,
				7AB74C7C1C3A66F400F27D26 /* ft_found_normal_ic@2x.png in Resources */,
				7AB74C861C3A66F400F27D26 /* ft_person_selected_ic@2x.png in Resources */,
				7A01EE8D1C3E0565004AF20E /* grayLine@2x.png in Resources */,
				7A01EE8F1C3E073B004AF20E /* ac_location_normal@2x.png in Resources */,
				7AB74C7F1C3A66F400F27D26 /* ft_found_selected_ic@3x.png in Resources */,
				7A5C1AAC1C43A82C00E46442 /* typeid22.plist in Resources */,
				7AB74C831C3A66F400F27D26 /* ft_home_selected_ic@3x.png in Resources */,
				7A1148A71C3F9DC700866947 /* blueArrowDown.png in Resources */,
				7AA9F5151C3BA477004A59FA /* Property List.plist in Resources */,
				7A83BA0D1C3A3AFB00A168D4 /* LaunchScreen.storyboard in Resources */,
			);
			runOnlyForDeploymentPostprocessing = 0;
		};
/* End PBXResourcesBuildPhase section */

/* Begin PBXShellScriptBuildPhase section */
		03422D24C1D80275BD51678C /* Embed Pods Frameworks */ = {
			isa = PBXShellScriptBuildPhase;
			buildActionMask = 2147483647;
			files = (
			);
			inputPaths = (
			);
			name = "Embed Pods Frameworks";
			outputPaths = (
			);
			runOnlyForDeploymentPostprocessing = 0;
			shellPath = /bin/sh;
			shellScript = "\"${SRCROOT}/Pods/Target Support Files/Pods/Pods-frameworks.sh\"\n";
			showEnvVarsInLog = 0;
		};
		0C5DDCE77CBF04AF16EDCF21 /* Check Pods Manifest.lock */ = {
			isa = PBXShellScriptBuildPhase;
			buildActionMask = 2147483647;
			files = (
			);
			inputPaths = (
			);
			name = "Check Pods Manifest.lock";
			outputPaths = (
			);
			runOnlyForDeploymentPostprocessing = 0;
			shellPath = /bin/sh;
			shellScript = "diff \"${PODS_ROOT}/../Podfile.lock\" \"${PODS_ROOT}/Manifest.lock\" > /dev/null\nif [[ $? != 0 ]] ; then\n    cat << EOM\nerror: The sandbox is not in sync with the Podfile.lock. Run 'pod install' or update your CocoaPods installation.\nEOM\n    exit 1\nfi\n";
			showEnvVarsInLog = 0;
		};
		CD9B1CEF1169053E868B2218 /* Copy Pods Resources */ = {
			isa = PBXShellScriptBuildPhase;
			buildActionMask = 2147483647;
			files = (
			);
			inputPaths = (
			);
			name = "Copy Pods Resources";
			outputPaths = (
			);
			runOnlyForDeploymentPostprocessing = 0;
			shellPath = /bin/sh;
			shellScript = "\"${SRCROOT}/Pods/Target Support Files/Pods/Pods-resources.sh\"\n";
			showEnvVarsInLog = 0;
		};
/* End PBXShellScriptBuildPhase section */

/* Begin PBXSourcesBuildPhase section */
		7A83B9FC1C3A3AFB00A168D4 /* Sources */ = {
			isa = PBXSourcesBuildPhase;
			buildActionMask = 2147483647;
			files = (
				7AB4DCBB1C3CBFF400DDC072 /* ClassifyViewController.m in Sources */,
				7AD9792D1C43924C003585BD /* VOIndicatorAnimation.m in Sources */,
				7AD9792C1C43924C003585BD /* VOContentLayer.m in Sources */,
				7AB4DCC11C3CC07F00DDC072 /* HotActivityViewController.m in Sources */,
				7A45A9DD1C450CB100B4D76F /* UIView+Extenstin.m in Sources */,
				7AC277681C466AA200235610 /* WeiBoViewController.m in Sources */,
				7AD9792E1C43924C003585BD /* VOSegment.m in Sources */,
				7ACCC6A31C44FA73001E0BDB /* DiscoverTableViewCell.m in Sources */,
				7AB74C8B1C3A766A00F27D26 /* MainTableViewCell.m in Sources */,
				7A83BA081C3A3AFB00A168D4 /* AppDelegate.m in Sources */,
				7A45A9DC1C450CB100B4D76F /* HWTool.m in Sources */,
				7A9C15F51C42347100F0478A /* HotActivityTableViewCell.m in Sources */,
				7AB74AFE1C3A4E2700F27D26 /* DiscoverViewController.m in Sources */,
				7AB74B001C3A4E2700F27D26 /* MineViewController.m in Sources */,
				7A45A9DE1C450CB100B4D76F /* UIViewController+Common.m in Sources */,
				7A45A9E31C4512D300B4D76F /* DiscoverModel.m in Sources */,
				7AB4DCB51C3CBE7A00DDC072 /* ActivityDetailViewController.m in Sources */,
				7A8D31631C3FBE49002373F3 /* GoodActivityModel.m in Sources */,
				7AD9792F1C43924C003585BD /* VOSegmentedControl.m in Sources */,
				7A8D316A1C3FF0FE002373F3 /* GoodViewController.m in Sources */,
				7A83BA051C3A3AFB00A168D4 /* main.m in Sources */,
				7AB4DCAF1C3CBC1600DDC072 /* SelectCityViewController.m in Sources */,
				7AA92CF81C3F5EC000FDC38A /* ActivityThemeView.m in Sources */,
				7A9C15FB1C4239A800F0478A /* HotActivityModel.m in Sources */,
				7A1148A81C3F9DC700866947 /* PullingRefreshTableView.m in Sources */,
				7A308B771C449F64004CAD8E /* ProgressHUD.m in Sources */,
				7A01EE981C3E10F0004AF20E /* ActivityDetailView.m in Sources */,
				7AB4DCB81C3CBF4700DDC072 /* ThemeDetailViewController.m in Sources */,
				7AB4DCB21C3CBDA100DDC072 /* SreachViewController.m in Sources */,
				7AB74AFF1C3A4E2700F27D26 /* MainViewController.m in Sources */,
				7AA9F5131C3BA073004A59FA /* MainModel.m in Sources */,
				7A1148AC1C3FA3BD00866947 /* GoodActivityTableViewCell.m in Sources */,
			);
			runOnlyForDeploymentPostprocessing = 0;
		};
/* End PBXSourcesBuildPhase section */

/* Begin PBXVariantGroup section */
		7A83BA0B1C3A3AFB00A168D4 /* LaunchScreen.storyboard */ = {
			isa = PBXVariantGroup;
			children = (
				7A83BA0C1C3A3AFB00A168D4 /* Base */,
			);
			name = LaunchScreen.storyboard;
			sourceTree = "<group>";
		};
/* End PBXVariantGroup section */

/* Begin XCBuildConfiguration section */
		7A83BA0F1C3A3AFB00A168D4 /* Debug */ = {
			isa = XCBuildConfiguration;
			buildSettings = {
				ALWAYS_SEARCH_USER_PATHS = NO;
				CLANG_CXX_LANGUAGE_STANDARD = "gnu++0x";
				CLANG_CXX_LIBRARY = "libc++";
				CLANG_ENABLE_MODULES = YES;
				CLANG_ENABLE_OBJC_ARC = YES;
				CLANG_WARN_BOOL_CONVERSION = YES;
				CLANG_WARN_CONSTANT_CONVERSION = YES;
				CLANG_WARN_DIRECT_OBJC_ISA_USAGE = YES_ERROR;
				CLANG_WARN_EMPTY_BODY = YES;
				CLANG_WARN_ENUM_CONVERSION = YES;
				CLANG_WARN_INT_CONVERSION = YES;
				CLANG_WARN_OBJC_ROOT_CLASS = YES_ERROR;
				CLANG_WARN_UNREACHABLE_CODE = YES;
				CLANG_WARN__DUPLICATE_METHOD_MATCH = YES;
				"CODE_SIGN_IDENTITY[sdk=iphoneos*]" = "iPhone Developer";
				COPY_PHASE_STRIP = NO;
				DEBUG_INFORMATION_FORMAT = dwarf;
				ENABLE_STRICT_OBJC_MSGSEND = YES;
				ENABLE_TESTABILITY = YES;
				GCC_C_LANGUAGE_STANDARD = gnu99;
				GCC_DYNAMIC_NO_PIC = NO;
				GCC_NO_COMMON_BLOCKS = YES;
				GCC_OPTIMIZATION_LEVEL = 0;
				GCC_PREPROCESSOR_DEFINITIONS = (
					"DEBUG=1",
					"$(inherited)",
				);
				GCC_WARN_64_TO_32_BIT_CONVERSION = YES;
				GCC_WARN_ABOUT_RETURN_TYPE = YES_ERROR;
				GCC_WARN_UNDECLARED_SELECTOR = YES;
				GCC_WARN_UNINITIALIZED_AUTOS = YES_AGGRESSIVE;
				GCC_WARN_UNUSED_FUNCTION = YES;
				GCC_WARN_UNUSED_VARIABLE = YES;
				IPHONEOS_DEPLOYMENT_TARGET = 9.2;
				MTL_ENABLE_DEBUG_INFO = YES;
				ONLY_ACTIVE_ARCH = YES;
				SDKROOT = iphoneos;
			};
			name = Debug;
		};
		7A83BA101C3A3AFB00A168D4 /* Release */ = {
			isa = XCBuildConfiguration;
			buildSettings = {
				ALWAYS_SEARCH_USER_PATHS = NO;
				CLANG_CXX_LANGUAGE_STANDARD = "gnu++0x";
				CLANG_CXX_LIBRARY = "libc++";
				CLANG_ENABLE_MODULES = YES;
				CLANG_ENABLE_OBJC_ARC = YES;
				CLANG_WARN_BOOL_CONVERSION = YES;
				CLANG_WARN_CONSTANT_CONVERSION = YES;
				CLANG_WARN_DIRECT_OBJC_ISA_USAGE = YES_ERROR;
				CLANG_WARN_EMPTY_BODY = YES;
				CLANG_WARN_ENUM_CONVERSION = YES;
				CLANG_WARN_INT_CONVERSION = YES;
				CLANG_WARN_OBJC_ROOT_CLASS = YES_ERROR;
				CLANG_WARN_UNREACHABLE_CODE = YES;
				CLANG_WARN__DUPLICATE_METHOD_MATCH = YES;
				"CODE_SIGN_IDENTITY[sdk=iphoneos*]" = "iPhone Developer";
				COPY_PHASE_STRIP = NO;
				DEBUG_INFORMATION_FORMAT = "dwarf-with-dsym";
				ENABLE_NS_ASSERTIONS = NO;
				ENABLE_STRICT_OBJC_MSGSEND = YES;
				GCC_C_LANGUAGE_STANDARD = gnu99;
				GCC_NO_COMMON_BLOCKS = YES;
				GCC_WARN_64_TO_32_BIT_CONVERSION = YES;
				GCC_WARN_ABOUT_RETURN_TYPE = YES_ERROR;
				GCC_WARN_UNDECLARED_SELECTOR = YES;
				GCC_WARN_UNINITIALIZED_AUTOS = YES_AGGRESSIVE;
				GCC_WARN_UNUSED_FUNCTION = YES;
				GCC_WARN_UNUSED_VARIABLE = YES;
				IPHONEOS_DEPLOYMENT_TARGET = 9.2;
				MTL_ENABLE_DEBUG_INFO = NO;
				SDKROOT = iphoneos;
				VALIDATE_PRODUCT = YES;
			};
			name = Release;
		};
		7A83BA121C3A3AFB00A168D4 /* Debug */ = {
			isa = XCBuildConfiguration;
			baseConfigurationReference = 535471C46C07F20EC1530AD6 /* Pods.debug.xcconfig */;
			buildSettings = {
				ASSETCATALOG_COMPILER_APPICON_NAME = AppIcon;
				GCC_PRECOMPILE_PREFIX_HEADER = YES;
				GCC_PREFIX_HEADER = /Users/scjy/Desktop/Pandas/Pandas/Classes/Tool/PrefixHeader.pch;
				INFOPLIST_FILE = Pandas/Info.plist;
				IPHONEOS_DEPLOYMENT_TARGET = 7.0;
				LD_RUNPATH_SEARCH_PATHS = "$(inherited) @executable_path/Frameworks";
				LIBRARY_SEARCH_PATHS = (
					"$(inherited)",
					"$(PROJECT_DIR)/Pandas/Classes/Library/libWeiboSDK",
				);
				PRODUCT_BUNDLE_IDENTIFIER = com.apple.Pandas;
				PRODUCT_NAME = "$(TARGET_NAME)";
			};
			name = Debug;
		};
		7A83BA131C3A3AFB00A168D4 /* Release */ = {
			isa = XCBuildConfiguration;
			baseConfigurationReference = D3ECBF67D39F69274FCA022A /* Pods.release.xcconfig */;
			buildSettings = {
				ASSETCATALOG_COMPILER_APPICON_NAME = AppIcon;
				GCC_PRECOMPILE_PREFIX_HEADER = YES;
				GCC_PREFIX_HEADER = /Users/scjy/Desktop/Pandas/Pandas/Classes/Tool/PrefixHeader.pch;
				INFOPLIST_FILE = Pandas/Info.plist;
				IPHONEOS_DEPLOYMENT_TARGET = 7.0;
				LD_RUNPATH_SEARCH_PATHS = "$(inherited) @executable_path/Frameworks";
				LIBRARY_SEARCH_PATHS = (
					"$(inherited)",
					"$(PROJECT_DIR)/Pandas/Classes/Library/libWeiboSDK",
				);
				PRODUCT_BUNDLE_IDENTIFIER = com.apple.Pandas;
				PRODUCT_NAME = "$(TARGET_NAME)";
			};
			name = Release;
		};
/* End XCBuildConfiguration section */

/* Begin XCConfigurationList section */
		7A83B9FB1C3A3AFB00A168D4 /* Build configuration list for PBXProject "Pandas" */ = {
			isa = XCConfigurationList;
			buildConfigurations = (
				7A83BA0F1C3A3AFB00A168D4 /* Debug */,
				7A83BA101C3A3AFB00A168D4 /* Release */,
			);
			defaultConfigurationIsVisible = 0;
			defaultConfigurationName = Release;
		};
		7A83BA111C3A3AFB00A168D4 /* Build configuration list for PBXNativeTarget "Pandas" */ = {
			isa = XCConfigurationList;
			buildConfigurations = (
				7A83BA121C3A3AFB00A168D4 /* Debug */,
				7A83BA131C3A3AFB00A168D4 /* Release */,
			);
			defaultConfigurationIsVisible = 0;
			defaultConfigurationName = Release;
		};
/* End XCConfigurationList section */
	};
	rootObject = 7A83B9F81C3A3AFB00A168D4 /* Project object */;
}
